
Microsoft Visual Studio Solution File, Format Version 12.00
Project("{2150E333-8FDC-42A3-9474-1A3956D46DE8}") = "Backend", "Backend", "{BD74B920-2D3C-489D-800C-E838EF0E03E7}"
EndProject
Project("{2150E333-8FDC-42A3-9474-1A3956D46DE8}") = "src", "src", "{E67B7540-1D3E-4ABA-988C-22B71BD38DDF}"
EndProject
Project("{FAE04EC0-301F-11D3-BF4B-00C04F79EFBC}") = "LeadsFlow.Api", "LeadsFlow.Api\LeadsFlow.Api.csproj", "{FE36E650-046D-46AF-BB27-5BC9D468089D}"
EndProject
Project("{FAE04EC0-301F-11D3-BF4B-00C04F79EFBC}") = "LeadsFlow.Application", "LeadsFlow.Application\LeadsFlow.Application.csproj", "{062FA5AE-E5E4-4BAC-8286-E35C9F65DE53}"
EndProject
Project("{FAE04EC0-301F-11D3-BF4B-00C04F79EFBC}") = "LeadsFlow.Domain", "LeadsFlow.Domain\LeadsFlow.Domain.csproj", "{44141816-81A4-4D21-A2C6-1CA6170D7798}"
EndProject
Project("{FAE04EC0-301F-11D3-BF4B-00C04F79EFBC}") = "LeadsFlow.Infrastructure", "LeadsFlow.Infrastructure\LeadsFlow.Infrastructure.csproj", "{727CF134-54C9-4AF9-B653-392F37E7EDCC}"
EndProject
Global
	GlobalSection(SolutionConfigurationPlatforms) = preSolution
		Debug|Any CPU = Debug|Any CPU
		Release|Any CPU = Release|Any CPU
	EndGlobalSection
	GlobalSection(NestedProjects) = preSolution
		{E67B7540-1D3E-4ABA-988C-22B71BD38DDF} = {BD74B920-2D3C-489D-800C-E838EF0E03E7}
		{FE36E650-046D-46AF-BB27-5BC9D468089D} = {E67B7540-1D3E-4ABA-988C-22B71BD38DDF}
		{062FA5AE-E5E4-4BAC-8286-E35C9F65DE53} = {E67B7540-1D3E-4ABA-988C-22B71BD38DDF}
		{44141816-81A4-4D21-A2C6-1CA6170D7798} = {E67B7540-1D3E-4ABA-988C-22B71BD38DDF}
		{727CF134-54C9-4AF9-B653-392F37E7EDCC} = {E67B7540-1D3E-4ABA-988C-22B71BD38DDF}
	EndGlobalSection
	GlobalSection(ProjectConfigurationPlatforms) = postSolution
		{FE36E650-046D-46AF-BB27-5BC9D468089D}.Debug|Any CPU.ActiveCfg = Debug|Any CPU
		{FE36E650-046D-46AF-BB27-5BC9D468089D}.Debug|Any CPU.Build.0 = Debug|Any CPU
		{FE36E650-046D-46AF-BB27-5BC9D468089D}.Release|Any CPU.ActiveCfg = Release|Any CPU
		{FE36E650-046D-46AF-BB27-5BC9D468089D}.Release|Any CPU.Build.0 = Release|Any CPU
		{062FA5AE-E5E4-4BAC-8286-E35C9F65DE53}.Debug|Any CPU.ActiveCfg = Debug|Any CPU
		{062FA5AE-E5E4-4BAC-8286-E35C9F65DE53}.Debug|Any CPU.Build.0 = Debug|Any CPU
		{062FA5AE-E5E4-4BAC-8286-E35C9F65DE53}.Release|Any CPU.ActiveCfg = Release|Any CPU
		{062FA5AE-E5E4-4BAC-8286-E35C9F65DE53}.Release|Any CPU.Build.0 = Release|Any CPU
		{44141816-81A4-4D21-A2C6-1CA6170D7798}.Debug|Any CPU.ActiveCfg = Debug|Any CPU
		{44141816-81A4-4D21-A2C6-1CA6170D7798}.Debug|Any CPU.Build.0 = Debug|Any CPU
		{44141816-81A4-4D21-A2C6-1CA6170D7798}.Release|Any CPU.ActiveCfg = Release|Any CPU
		{44141816-81A4-4D21-A2C6-1CA6170D7798}.Release|Any CPU.Build.0 = Release|Any CPU
		{727CF134-54C9-4AF9-B653-392F37E7EDCC}.Debug|Any CPU.ActiveCfg = Debug|Any CPU
		{727CF134-54C9-4AF9-B653-392F37E7EDCC}.Debug|Any CPU.Build.0 = Debug|Any CPU
		{727CF134-54C9-4AF9-B653-392F37E7EDCC}.Release|Any CPU.ActiveCfg = Release|Any CPU
		{727CF134-54C9-4AF9-B653-392F37E7EDCC}.Release|Any CPU.Build.0 = Release|Any CPU
	EndGlobalSection
EndGlobal
